// !$*UTF8*$!
{
	archiveVersion = 1;
	classes = {
	};
	objectVersion = 55;
	objects = {

/* Begin PBXBuildFile section */
		8144BF4028348218000448BA /* AppDelegate.swift in Sources */ = {isa = PBXBuildFile; fileRef = 8144BF3F28348218000448BA /* AppDelegate.swift */; };
		8144BF4228348218000448BA /* SceneDelegate.swift in Sources */ = {isa = PBXBuildFile; fileRef = 8144BF4128348218000448BA /* SceneDelegate.swift */; };
		8144BF4428348218000448BA /* LoginController.swift in Sources */ = {isa = PBXBuildFile; fileRef = 8144BF4328348218000448BA /* LoginController.swift */; };
		8144BF4728348218000448BA /* Main.storyboard in Resources */ = {isa = PBXBuildFile; fileRef = 8144BF4528348218000448BA /* Main.storyboard */; };
		8144BF4928348219000448BA /* Assets.xcassets in Resources */ = {isa = PBXBuildFile; fileRef = 8144BF4828348219000448BA /* Assets.xcassets */; };
		8144BF4C28348219000448BA /* LaunchScreen.storyboard in Resources */ = {isa = PBXBuildFile; fileRef = 8144BF4A28348219000448BA /* LaunchScreen.storyboard */; };
		8144BF5C28349B9F000448BA /* LoginRequest.swift in Sources */ = {isa = PBXBuildFile; fileRef = 8144BF5B28349B9F000448BA /* LoginRequest.swift */; };
		8144BF5E28349BAA000448BA /* LoginResponse.swift in Sources */ = {isa = PBXBuildFile; fileRef = 8144BF5D28349BAA000448BA /* LoginResponse.swift */; };
		8144BF6028349D3B000448BA /* RestClient.swift in Sources */ = {isa = PBXBuildFile; fileRef = 8144BF5F28349D3B000448BA /* RestClient.swift */; };
		8144BF622834A55C000448BA /* LoginErrorResponse.swift in Sources */ = {isa = PBXBuildFile; fileRef = 8144BF612834A55C000448BA /* LoginErrorResponse.swift */; };
		8144BF6428373A8A000448BA /* StudentLocationResponse.swift in Sources */ = {isa = PBXBuildFile; fileRef = 8144BF6328373A8A000448BA /* StudentLocationResponse.swift */; };
		8144BF6628373C43000448BA /* StudentLocation.swift in Sources */ = {isa = PBXBuildFile; fileRef = 8144BF6528373C43000448BA /* StudentLocation.swift */; };
		8144BF6828373E3A000448BA /* ListController.swift in Sources */ = {isa = PBXBuildFile; fileRef = 8144BF6728373E3A000448BA /* ListController.swift */; };
		8144BF6A28373E6F000448BA /* StudentModel.swift in Sources */ = {isa = PBXBuildFile; fileRef = 8144BF6928373E6F000448BA /* StudentModel.swift */; };
		8144BF6C28374B3F000448BA /* PostLocationRequest.swift in Sources */ = {isa = PBXBuildFile; fileRef = 8144BF6B28374B3F000448BA /* PostLocationRequest.swift */; };
		8144BF6E283751F4000448BA /* UserResponse.swift in Sources */ = {isa = PBXBuildFile; fileRef = 8144BF6D283751F4000448BA /* UserResponse.swift */; };
		8144BF70283755DC000448BA /* MapController.swift in Sources */ = {isa = PBXBuildFile; fileRef = 8144BF6F283755DC000448BA /* MapController.swift */; };
		815DB339283DE115007B1936 /* SubmitLocationController.swift in Sources */ = {isa = PBXBuildFile; fileRef = 815DB338283DE115007B1936 /* SubmitLocationController.swift */; };
		815DB33B283DE551007B1936 /* ActionsExtensionController.swift in Sources */ = {isa = PBXBuildFile; fileRef = 815DB33A283DE551007B1936 /* ActionsExtensionController.swift */; };
		81E076C0283DD54A008A04B8 /* UpdateLocationController.swift in Sources */ = {isa = PBXBuildFile; fileRef = 81E076BF283DD54A008A04B8 /* UpdateLocationController.swift */; };
/* End PBXBuildFile section */

/* Begin PBXFileReference section */
		8144BF3C28348218000448BA /* On the map.app */ = {isa = PBXFileReference; explicitFileType = wrapper.application; includeInIndex = 0; path = "On the map.app"; sourceTree = BUILT_PRODUCTS_DIR; };
		8144BF3F28348218000448BA /* AppDelegate.swift */ = {isa = PBXFileReference; lastKnownFileType = sourcecode.swift; path = AppDelegate.swift; sourceTree = "<group>"; };
		8144BF4128348218000448BA /* SceneDelegate.swift */ = {isa = PBXFileReference; lastKnownFileType = sourcecode.swift; path = SceneDelegate.swift; sourceTree = "<group>"; };
		8144BF4328348218000448BA /* LoginController.swift */ = {isa = PBXFileReference; lastKnownFileType = sourcecode.swift; path = LoginController.swift; sourceTree = "<group>"; };
		8144BF4628348218000448BA /* Base */ = {isa = PBXFileReference; lastKnownFileType = file.storyboard; name = Base; path = Base.lproj/Main.storyboard; sourceTree = "<group>"; };
		8144BF4828348219000448BA /* Assets.xcassets */ = {isa = PBXFileReference; lastKnownFileType = folder.assetcatalog; path = Assets.xcassets; sourceTree = "<group>"; };
		8144BF4B28348219000448BA /* Base */ = {isa = PBXFileReference; lastKnownFileType = file.storyboard; name = Base; path = Base.lproj/LaunchScreen.storyboard; sourceTree = "<group>"; };
		8144BF4D28348219000448BA /* Info.plist */ = {isa = PBXFileReference; lastKnownFileType = text.plist.xml; path = Info.plist; sourceTree = "<group>"; };
		8144BF5B28349B9F000448BA /* LoginRequest.swift */ = {isa = PBXFileReference; lastKnownFileType = sourcecode.swift; path = LoginRequest.swift; sourceTree = "<group>"; };
		8144BF5D28349BAA000448BA /* LoginResponse.swift */ = {isa = PBXFileReference; lastKnownFileType = sourcecode.swift; path = LoginResponse.swift; sourceTree = "<group>"; };
		8144BF5F28349D3B000448BA /* RestClient.swift */ = {isa = PBXFileReference; lastKnownFileType = sourcecode.swift; path = RestClient.swift; sourceTree = "<group>"; };
		8144BF612834A55C000448BA /* LoginErrorResponse.swift */ = {isa = PBXFileReference; lastKnownFileType = sourcecode.swift; path = LoginErrorResponse.swift; sourceTree = "<group>"; };
		8144BF6328373A8A000448BA /* StudentLocationResponse.swift */ = {isa = PBXFileReference; lastKnownFileType = sourcecode.swift; path = StudentLocationResponse.swift; sourceTree = "<group>"; };
		8144BF6528373C43000448BA /* StudentLocation.swift */ = {isa = PBXFileReference; lastKnownFileType = sourcecode.swift; path = StudentLocation.swift; sourceTree = "<group>"; };
		8144BF6728373E3A000448BA /* ListController.swift */ = {isa = PBXFileReference; lastKnownFileType = sourcecode.swift; path = ListController.swift; sourceTree = "<group>"; };
		8144BF6928373E6F000448BA /* StudentModel.swift */ = {isa = PBXFileReference; lastKnownFileType = sourcecode.swift; path = StudentModel.swift; sourceTree = "<group>"; };
		8144BF6B28374B3F000448BA /* PostLocationRequest.swift */ = {isa = PBXFileReference; lastKnownFileType = sourcecode.swift; path = PostLocationRequest.swift; sourceTree = "<group>"; };
		8144BF6D283751F4000448BA /* UserResponse.swift */ = {isa = PBXFileReference; lastKnownFileType = sourcecode.swift; path = UserResponse.swift; sourceTree = "<group>"; };
		8144BF6F283755DC000448BA /* MapController.swift */ = {isa = PBXFileReference; lastKnownFileType = sourcecode.swift; path = MapController.swift; sourceTree = "<group>"; };
		815DB338283DE115007B1936 /* SubmitLocationController.swift */ = {isa = PBXFileReference; lastKnownFileType = sourcecode.swift; path = SubmitLocationController.swift; sourceTree = "<group>"; };
		815DB33A283DE551007B1936 /* ActionsExtensionController.swift */ = {isa = PBXFileReference; lastKnownFileType = sourcecode.swift; path = ActionsExtensionController.swift; sourceTree = "<group>"; };
		81E076BF283DD54A008A04B8 /* UpdateLocationController.swift */ = {isa = PBXFileReference; lastKnownFileType = sourcecode.swift; path = UpdateLocationController.swift; sourceTree = "<group>"; };
/* End PBXFileReference section */

/* Begin PBXFrameworksBuildPhase section */
		8144BF3928348218000448BA /* Frameworks */ = {
			isa = PBXFrameworksBuildPhase;
			buildActionMask = 2147483647;
			files = (
			);
			runOnlyForDeploymentPostprocessing = 0;
		};
/* End PBXFrameworksBuildPhase section */

/* Begin PBXGroup section */
		8144BF3328348218000448BA = {
			isa = PBXGroup;
			children = (
				8144BF3E28348218000448BA /* On the map */,
				8144BF3D28348218000448BA /* Products */,
			);
			sourceTree = "<group>";
		};
		8144BF3D28348218000448BA /* Products */ = {
			isa = PBXGroup;
			children = (
				8144BF3C28348218000448BA /* On the map.app */,
			);
			name = Products;
			sourceTree = "<group>";
		};
		8144BF3E28348218000448BA /* On the map */ = {
			isa = PBXGroup;
			children = (
				8144BF5A28349B58000448BA /* Controller */,
				8144BF5728349B39000448BA /* Network */,
				8144BF5628349B14000448BA /* Data */,
				8144BF5328348497000448BA /* View */,
				8144BF3F28348218000448BA /* AppDelegate.swift */,
				8144BF4128348218000448BA /* SceneDelegate.swift */,
				8144BF4828348219000448BA /* Assets.xcassets */,
				8144BF4528348218000448BA /* Main.storyboard */,
				8144BF4A28348219000448BA /* LaunchScreen.storyboard */,
				8144BF4D28348219000448BA /* Info.plist */,
			);
			path = "On the map";
			sourceTree = "<group>";
		};
		8144BF5328348497000448BA /* View */ = {
			isa = PBXGroup;
			children = (
			);
			path = View;
			sourceTree = "<group>";
		};
		8144BF5628349B14000448BA /* Data */ = {
			isa = PBXGroup;
			children = (
				8144BF6928373E6F000448BA /* StudentModel.swift */,
			);
			path = Data;
			sourceTree = "<group>";
		};
		8144BF5728349B39000448BA /* Network */ = {
			isa = PBXGroup;
			children = (
				8144BF5928349B47000448BA /* Responses */,
				8144BF5828349B3F000448BA /* Requests */,
				8144BF5F28349D3B000448BA /* RestClient.swift */,
			);
			path = Network;
			sourceTree = "<group>";
		};
		8144BF5828349B3F000448BA /* Requests */ = {
			isa = PBXGroup;
			children = (
				8144BF5B28349B9F000448BA /* LoginRequest.swift */,
				8144BF6B28374B3F000448BA /* PostLocationRequest.swift */,
			);
			path = Requests;
			sourceTree = "<group>";
		};
		8144BF5928349B47000448BA /* Responses */ = {
			isa = PBXGroup;
			children = (
				8144BF5D28349BAA000448BA /* LoginResponse.swift */,
				8144BF612834A55C000448BA /* LoginErrorResponse.swift */,
				8144BF6328373A8A000448BA /* StudentLocationResponse.swift */,
				8144BF6528373C43000448BA /* StudentLocation.swift */,
				8144BF6D283751F4000448BA /* UserResponse.swift */,
			);
			path = Responses;
			sourceTree = "<group>";
		};
		8144BF5A28349B58000448BA /* Controller */ = {
			isa = PBXGroup;
			children = (
				8144BF4328348218000448BA /* LoginController.swift */,
				8144BF6728373E3A000448BA /* ListController.swift */,
				8144BF6F283755DC000448BA /* MapController.swift */,
				81E076BF283DD54A008A04B8 /* UpdateLocationController.swift */,
				815DB338283DE115007B1936 /* SubmitLocationController.swift */,
				815DB33A283DE551007B1936 /* ActionsExtensionController.swift */,
			);
			path = Controller;
			sourceTree = "<group>";
		};
/* End PBXGroup section */

/* Begin PBXNativeTarget section */
		8144BF3B28348218000448BA /* On the map */ = {
			isa = PBXNativeTarget;
			buildConfigurationList = 8144BF5028348219000448BA /* Build configuration list for PBXNativeTarget "On the map" */;
			buildPhases = (
				8144BF3828348218000448BA /* Sources */,
				8144BF3928348218000448BA /* Frameworks */,
				8144BF3A28348218000448BA /* Resources */,
			);
			buildRules = (
			);
			dependencies = (
			);
			name = "On the map";
			productName = "On the map";
			productReference = 8144BF3C28348218000448BA /* On the map.app */;
			productType = "com.apple.product-type.application";
		};
/* End PBXNativeTarget section */

/* Begin PBXProject section */
		8144BF3428348218000448BA /* Project object */ = {
			isa = PBXProject;
			attributes = {
				BuildIndependentTargetsInParallel = 1;
				LastSwiftUpdateCheck = 1330;
				LastUpgradeCheck = 1330;
				TargetAttributes = {
					8144BF3B28348218000448BA = {
						CreatedOnToolsVersion = 13.3.1;
					};
				};
			};
			buildConfigurationList = 8144BF3728348218000448BA /* Build configuration list for PBXProject "On the map" */;
			compatibilityVersion = "Xcode 13.0";
			developmentRegion = en;
			hasScannedForEncodings = 0;
			knownRegions = (
				en,
				Base,
			);
			mainGroup = 8144BF3328348218000448BA;
			productRefGroup = 8144BF3D28348218000448BA /* Products */;
			projectDirPath = "";
			projectRoot = "";
			targets = (
				8144BF3B28348218000448BA /* On the map */,
			);
		};
/* End PBXProject section */

/* Begin PBXResourcesBuildPhase section */
		8144BF3A28348218000448BA /* Resources */ = {
			isa = PBXResourcesBuildPhase;
			buildActionMask = 2147483647;
			files = (
				8144BF4C28348219000448BA /* LaunchScreen.storyboard in Resources */,
				8144BF4928348219000448BA /* Assets.xcassets in Resources */,
				8144BF4728348218000448BA /* Main.storyboard in Resources */,
			);
			runOnlyForDeploymentPostprocessing = 0;
		};
/* End PBXResourcesBuildPhase section */

/* Begin PBXSourcesBuildPhase section */
		8144BF3828348218000448BA /* Sources */ = {
			isa = PBXSourcesBuildPhase;
			buildActionMask = 2147483647;
			files = (
				8144BF6628373C43000448BA /* StudentLocation.swift in Sources */,
				8144BF6E283751F4000448BA /* UserResponse.swift in Sources */,
				8144BF6828373E3A000448BA /* ListController.swift in Sources */,
				8144BF4428348218000448BA /* LoginController.swift in Sources */,
				8144BF4028348218000448BA /* AppDelegate.swift in Sources */,
				8144BF6A28373E6F000448BA /* StudentModel.swift in Sources */,
				8144BF4228348218000448BA /* SceneDelegate.swift in Sources */,
				8144BF5C28349B9F000448BA /* LoginRequest.swift in Sources */,
				8144BF70283755DC000448BA /* MapController.swift in Sources */,
				8144BF622834A55C000448BA /* LoginErrorResponse.swift in Sources */,
				815DB339283DE115007B1936 /* SubmitLocationController.swift in Sources */,
				81E076C0283DD54A008A04B8 /* UpdateLocationController.swift in Sources */,
				815DB33B283DE551007B1936 /* ActionsExtensionController.swift in Sources */,
				8144BF6C28374B3F000448BA /* PostLocationRequest.swift in Sources */,
				8144BF6028349D3B000448BA /* RestClient.swift in Sources */,
				8144BF5E28349BAA000448BA /* LoginResponse.swift in Sources */,
				8144BF6428373A8A000448BA /* StudentLocationResponse.swift in Sources */,
			);
			runOnlyForDeploymentPostprocessing = 0;
		};
/* End PBXSourcesBuildPhase section */

/* Begin PBXVariantGroup section */
		8144BF4528348218000448BA /* Main.storyboard */ = {
			isa = PBXVariantGroup;
			children = (
				8144BF4628348218000448BA /* Base */,
			);
			name = Main.storyboard;
			sourceTree = "<group>";
		};
		8144BF4A28348219000448BA /* LaunchScreen.storyboard */ = {
			isa = PBXVariantGroup;
			children = (
				8144BF4B28348219000448BA /* Base */,
			);
			name = LaunchScreen.storyboard;
			sourceTree = "<group>";
		};
/* End PBXVariantGroup section */

/* Begin XCBuildConfiguration section */
		8144BF4E28348219000448BA /* Debug */ = {
			isa = XCBuildConfiguration;
			buildSettings = {
				ALWAYS_SEARCH_USER_PATHS = NO;
				CLANG_ANALYZER_NONNULL = YES;
				CLANG_ANALYZER_NUMBER_OBJECT_CONVERSION = YES_AGGRESSIVE;
				CLANG_CXX_LANGUAGE_STANDARD = "gnu++17";
				CLANG_ENABLE_MODULES = YES;
				CLANG_ENABLE_OBJC_ARC = YES;
				CLANG_ENABLE_OBJC_WEAK = YES;
				CLANG_WARN_BLOCK_CAPTURE_AUTORELEASING = YES;
				CLANG_WARN_BOOL_CONVERSION = YES;
				CLANG_WARN_COMMA = YES;
				CLANG_WARN_CONSTANT_CONVERSION = YES;
				CLANG_WARN_DEPRECATED_OBJC_IMPLEMENTATIONS = YES;
				CLANG_WARN_DIRECT_OBJC_ISA_USAGE = YES_ERROR;
				CLANG_WARN_DOCUMENTATION_COMMENTS = YES;
				CLANG_WARN_EMPTY_BODY = YES;
				CLANG_WARN_ENUM_CONVERSION = YES;
				CLANG_WARN_INFINITE_RECURSION = YES;
				CLANG_WARN_INT_CONVERSION = YES;
				CLANG_WARN_NON_LITERAL_NULL_CONVERSION = YES;
				CLANG_WARN_OBJC_IMPLICIT_RETAIN_SELF = YES;
				CLANG_WARN_OBJC_LITERAL_CONVERSION = YES;
				CLANG_WARN_OBJC_ROOT_CLASS = YES_ERROR;
				CLANG_WARN_QUOTED_INCLUDE_IN_FRAMEWORK_HEADER = YES;
				CLANG_WARN_RANGE_LOOP_ANALYSIS = YES;
				CLANG_WARN_STRICT_PROTOTYPES = YES;
				CLANG_WARN_SUSPICIOUS_MOVE = YES;
				CLANG_WARN_UNGUARDED_AVAILABILITY = YES_AGGRESSIVE;
				CLANG_WARN_UNREACHABLE_CODE = YES;
				CLANG_WARN__DUPLICATE_METHOD_MATCH = YES;
				COPY_PHASE_STRIP = NO;
				DEBUG_INFORMATION_FORMAT = dwarf;
				ENABLE_STRICT_OBJC_MSGSEND = YES;
				ENABLE_TESTABILITY = YES;
				GCC_C_LANGUAGE_STANDARD = gnu11;
				GCC_DYNAMIC_NO_PIC = NO;
				GCC_NO_COMMON_BLOCKS = YES;
				GCC_OPTIMIZATION_LEVEL = 0;
				GCC_PREPROCESSOR_DEFINITIONS = (
					"DEBUG=1",
					"$(inherited)",
				);
				GCC_WARN_64_TO_32_BIT_CONVERSION = YES;
				GCC_WARN_ABOUT_RETURN_TYPE = YES_ERROR;
				GCC_WARN_UNDECLARED_SELECTOR = YES;
				GCC_WARN_UNINITIALIZED_AUTOS = YES_AGGRESSIVE;
				GCC_WARN_UNUSED_FUNCTION = YES;
				GCC_WARN_UNUSED_VARIABLE = YES;
				IPHONEOS_DEPLOYMENT_TARGET = 15.4;
				MTL_ENABLE_DEBUG_INFO = INCLUDE_SOURCE;
				MTL_FAST_MATH = YES;
				ONLY_ACTIVE_ARCH = YES;
				SDKROOT = iphoneos;
				SWIFT_ACTIVE_COMPILATION_CONDITIONS = DEBUG;
				SWIFT_OPTIMIZATION_LEVEL = "-Onone";
			};
			name = Debug;
		};
		8144BF4F28348219000448BA /* Release */ = {
			isa = XCBuildConfiguration;
			buildSettings = {
				ALWAYS_SEARCH_USER_PATHS = NO;
				CLANG_ANALYZER_NONNULL = YES;
				CLANG_ANALYZER_NUMBER_OBJECT_CONVERSION = YES_AGGRESSIVE;
				CLANG_CXX_LANGUAGE_STANDARD = "gnu++17";
				CLANG_ENABLE_MODULES = YES;
				CLANG_ENABLE_OBJC_ARC = YES;
				CLANG_ENABLE_OBJC_WEAK = YES;
				CLANG_WARN_BLOCK_CAPTURE_AUTORELEASING = YES;
				CLANG_WARN_BOOL_CONVERSION = YES;
				CLANG_WARN_COMMA = YES;
				CLANG_WARN_CONSTANT_CONVERSION = YES;
				CLANG_WARN_DEPRECATED_OBJC_IMPLEMENTATIONS = YES;
				CLANG_WARN_DIRECT_OBJC_ISA_USAGE = YES_ERROR;
				CLANG_WARN_DOCUMENTATION_COMMENTS = YES;
				CLANG_WARN_EMPTY_BODY = YES;
				CLANG_WARN_ENUM_CONVERSION = YES;
				CLANG_WARN_INFINITE_RECURSION = YES;
				CLANG_WARN_INT_CONVERSION = YES;
				CLANG_WARN_NON_LITERAL_NULL_CONVERSION = YES;
				CLANG_WARN_OBJC_IMPLICIT_RETAIN_SELF = YES;
				CLANG_WARN_OBJC_LITERAL_CONVERSION = YES;
				CLANG_WARN_OBJC_ROOT_CLASS = YES_ERROR;
				CLANG_WARN_QUOTED_INCLUDE_IN_FRAMEWORK_HEADER = YES;
				CLANG_WARN_RANGE_LOOP_ANALYSIS = YES;
				CLANG_WARN_STRICT_PROTOTYPES = YES;
				CLANG_WARN_SUSPICIOUS_MOVE = YES;
				CLANG_WARN_UNGUARDED_AVAILABILITY = YES_AGGRESSIVE;
				CLANG_WARN_UNREACHABLE_CODE = YES;
				CLANG_WARN__DUPLICATE_METHOD_MATCH = YES;
				COPY_PHASE_STRIP = NO;
				DEBUG_INFORMATION_FORMAT = "dwarf-with-dsym";
				ENABLE_NS_ASSERTIONS = NO;
				ENABLE_STRICT_OBJC_MSGSEND = YES;
				GCC_C_LANGUAGE_STANDARD = gnu11;
				GCC_NO_COMMON_BLOCKS = YES;
				GCC_WARN_64_TO_32_BIT_CONVERSION = YES;
				GCC_WARN_ABOUT_RETURN_TYPE = YES_ERROR;
				GCC_WARN_UNDECLARED_SELECTOR = YES;
				GCC_WARN_UNINITIALIZED_AUTOS = YES_AGGRESSIVE;
				GCC_WARN_UNUSED_FUNCTION = YES;
				GCC_WARN_UNUSED_VARIABLE = YES;
				IPHONEOS_DEPLOYMENT_TARGET = 15.4;
				MTL_ENABLE_DEBUG_INFO = NO;
				MTL_FAST_MATH = YES;
				SDKROOT = iphoneos;
				SWIFT_COMPILATION_MODE = wholemodule;
				SWIFT_OPTIMIZATION_LEVEL = "-O";
				VALIDATE_PRODUCT = YES;
			};
			name = Release;
		};
		8144BF5128348219000448BA /* Debug */ = {
			isa = XCBuildConfiguration;
			buildSettings = {
				ASSETCATALOG_COMPILER_APPICON_NAME = AppIcon;
				ASSETCATALOG_COMPILER_GLOBAL_ACCENT_COLOR_NAME = AccentColor;
				CODE_SIGN_STYLE = Automatic;
				CURRENT_PROJECT_VERSION = 1;
				GENERATE_INFOPLIST_FILE = YES;
				INFOPLIST_FILE = "On the map/Info.plist";
				INFOPLIST_KEY_UIApplicationSupportsIndirectInputEvents = YES;
				INFOPLIST_KEY_UILaunchStoryboardName = LaunchScreen;
				INFOPLIST_KEY_UIMainStoryboardFile = Main;
				INFOPLIST_KEY_UISupportedInterfaceOrientations_iPad = "UIInterfaceOrientationPortrait UIInterfaceOrientationPortraitUpsideDown UIInterfaceOrientationLandscapeLeft UIInterfaceOrientationLandscapeRight";
				INFOPLIST_KEY_UISupportedInterfaceOrientations_iPhone = "UIInterfaceOrientationPortrait UIInterfaceOrientationLandscapeLeft UIInterfaceOrientationLandscapeRight";
				LD_RUNPATH_SEARCH_PATHS = (
					"$(inherited)",
					"@executable_path/Frameworks",
				);
				MARKETING_VERSION = 1.0;
				PRODUCT_BUNDLE_IDENTIFIER = com.udacity.onthemap;
				PRODUCT_NAME = "$(TARGET_NAME)";
				SWIFT_EMIT_LOC_STRINGS = YES;
				SWIFT_VERSION = 5.0;
				TARGETED_DEVICE_FAMILY = "1,2";
			};
			name = Debug;
		};
		8144BF5228348219000448BA /* Release */ = {
			isa = XCBuildConfiguration;
			buildSettings = {
				ASSETCATALOG_COMPILER_APPICON_NAME = AppIcon;
				ASSETCATALOG_COMPILER_GLOBAL_ACCENT_COLOR_NAME = AccentColor;
				CODE_SIGN_STYLE = Automatic;
				CURRENT_PROJECT_VERSION = 1;
				GENERATE_INFOPLIST_FILE = YES;
				INFOPLIST_FILE = "On the map/Info.plist";
				INFOPLIST_KEY_UIApplicationSupportsIndirectInputEvents = YES;
				INFOPLIST_KEY_UILaunchStoryboardName = LaunchScreen;
				INFOPLIST_KEY_UIMainStoryboardFile = Main;
				INFOPLIST_KEY_UISupportedInterfaceOrientations_iPad = "UIInterfaceOrientationPortrait UIInterfaceOrientationPortraitUpsideDown UIInterfaceOrientationLandscapeLeft UIInterfaceOrientationLandscapeRight";
				INFOPLIST_KEY_UISupportedInterfaceOrientations_iPhone = "UIInterfaceOrientationPortrait UIInterfaceOrientationLandscapeLeft UIInterfaceOrientationLandscapeRight";
				LD_RUNPATH_SEARCH_PATHS = (
					"$(inherited)",
					"@executable_path/Frameworks",
				);
				MARKETING_VERSION = 1.0;
				PRODUCT_BUNDLE_IDENTIFIER = com.udacity.onthemap;
				PRODUCT_NAME = "$(TARGET_NAME)";
				SWIFT_EMIT_LOC_STRINGS = YES;
				SWIFT_VERSION = 5.0;
				TARGETED_DEVICE_FAMILY = "1,2";
			};
			name = Release;
		};
/* End XCBuildConfiguration section */

/* Begin XCConfigurationList section */
		8144BF3728348218000448BA /* Build configuration list for PBXProject "On the map" */ = {
			isa = XCConfigurationList;
			buildConfigurations = (
				8144BF4E28348219000448BA /* Debug */,
				8144BF4F28348219000448BA /* Release */,
			);
			defaultConfigurationIsVisible = 0;
			defaultConfigurationName = Release;
		};
		8144BF5028348219000448BA /* Build configuration list for PBXNativeTarget "On the map" */ = {
			isa = XCConfigurationList;
			buildConfigurations = (
				8144BF5128348219000448BA /* Debug */,
				8144BF5228348219000448BA /* Release */,
			);
			defaultConfigurationIsVisible = 0;
			defaultConfigurationName = Release;
		};
/* End XCConfigurationList section */
	};
	rootObject = 8144BF3428348218000448BA /* Project object */;
}
